
Microsoft Visual Studio Solution File, Format Version 12.00
# Visual Studio 15
VisualStudioVersion = 15.0.27130.2010
MinimumVisualStudioVersion = 10.0.40219.1
Project("{FAE04EC0-301F-11D3-BF4B-00C04F79EFBC}") = "Circle", "Circle\Circle.csproj", "{C006010F-D0AC-4749-892E-7737079CE9D8}"
EndProject
Project("{FAE04EC0-301F-11D3-BF4B-00C04F79EFBC}") = "Example5", "..\Rectangles\Rectangle\Example5.csproj", "{C374F47C-1497-4D5E-935E-332480733438}"
EndProject
Global
	GlobalSection(SolutionConfigurationPlatforms) = preSolution
		Debug|Any CPU = Debug|Any CPU
		Release|Any CPU = Release|Any CPU
	EndGlobalSection
	GlobalSection(ProjectConfigurationPlatforms) = postSolution
		{C006010F-D0AC-4749-892E-7737079CE9D8}.Debug|Any CPU.ActiveCfg = Debug|Any CPU
		{C006010F-D0AC-4749-892E-7737079CE9D8}.Debug|Any CPU.Build.0 = Debug|Any CPU
		{C006010F-D0AC-4749-892E-7737079CE9D8}.Release|Any CPU.ActiveCfg = Release|Any CPU
		{C006010F-D0AC-4749-892E-7737079CE9D8}.Release|Any CPU.Build.0 = Release|Any CPU
		{C374F47C-1497-4D5E-935E-332480733438}.Debug|Any CPU.ActiveCfg = Debug|Any CPU
		{C374F47C-1497-4D5E-935E-332480733438}.Debug|Any CPU.Build.0 = Debug|Any CPU
		{C374F47C-1497-4D5E-935E-332480733438}.Release|Any CPU.ActiveCfg = Release|Any CPU
		{C374F47C-1497-4D5E-935E-332480733438}.Release|Any CPU.Build.0 = Release|Any CPU
	EndGlobalSection
	GlobalSection(SolutionProperties) = preSolution
		HideSolutionNode = FALSE
	EndGlobalSection
	GlobalSection(ExtensibilityGlobals) = postSolution
		SolutionGuid = {61627762-5B39-485F-8C0A-AEA5041C806E}
	EndGlobalSection
EndGlobal
