
Microsoft Visual Studio Solution File, Format Version 12.00
# Visual Studio 15
VisualStudioVersion = 15.0.27428.1
MinimumVisualStudioVersion = 10.0.40219.1
Project("{FAE04EC0-301F-11D3-BF4B-00C04F79EFBC}") = "PaintApp", "PaintApp\PaintApp.csproj", "{A51748CA-6C0B-499B-80B2-867BF7F0560F}"
EndProject
Global
	GlobalSection(SolutionConfigurationPlatforms) = preSolution
		Debug|Any CPU = Debug|Any CPU
		Release|Any CPU = Release|Any CPU
	EndGlobalSection
	GlobalSection(ProjectConfigurationPlatforms) = postSolution
		{A51748CA-6C0B-499B-80B2-867BF7F0560F}.Debug|Any CPU.ActiveCfg = Debug|Any CPU
		{A51748CA-6C0B-499B-80B2-867BF7F0560F}.Debug|Any CPU.Build.0 = Debug|Any CPU
		{A51748CA-6C0B-499B-80B2-867BF7F0560F}.Release|Any CPU.ActiveCfg = Release|Any CPU
		{A51748CA-6C0B-499B-80B2-867BF7F0560F}.Release|Any CPU.Build.0 = Release|Any CPU
	EndGlobalSection
	GlobalSection(SolutionProperties) = preSolution
		HideSolutionNode = FALSE
	EndGlobalSection
	GlobalSection(ExtensibilityGlobals) = postSolution
		SolutionGuid = {D51D8E23-E9F6-4CD8-A77B-B77B46EAB87B}
	EndGlobalSection
EndGlobal
