
Microsoft Visual Studio Solution File, Format Version 12.00
# Visual Studio 15
VisualStudioVersion = 15.0.27428.1
MinimumVisualStudioVersion = 10.0.40219.1
Project("{FAE04EC0-301F-11D3-BF4B-00C04F79EFBC}") = "BattleShips", "BattleShips\BattleShips.csproj", "{6C9E7363-F688-4991-A613-B2D4C03D8556}"
EndProject
Global
	GlobalSection(SolutionConfigurationPlatforms) = preSolution
		Debug|Any CPU = Debug|Any CPU
		Release|Any CPU = Release|Any CPU
	EndGlobalSection
	GlobalSection(ProjectConfigurationPlatforms) = postSolution
		{6C9E7363-F688-4991-A613-B2D4C03D8556}.Debug|Any CPU.ActiveCfg = Debug|Any CPU
		{6C9E7363-F688-4991-A613-B2D4C03D8556}.Debug|Any CPU.Build.0 = Debug|Any CPU
		{6C9E7363-F688-4991-A613-B2D4C03D8556}.Release|Any CPU.ActiveCfg = Release|Any CPU
		{6C9E7363-F688-4991-A613-B2D4C03D8556}.Release|Any CPU.Build.0 = Release|Any CPU
	EndGlobalSection
	GlobalSection(SolutionProperties) = preSolution
		HideSolutionNode = FALSE
	EndGlobalSection
	GlobalSection(ExtensibilityGlobals) = postSolution
		SolutionGuid = {4A915ADB-A699-4101-9C6F-34213012DF54}
	EndGlobalSection
EndGlobal
