
Microsoft Visual Studio Solution File, Format Version 12.00
# Visual Studio 15
VisualStudioVersion = 15.0.27130.2010
MinimumVisualStudioVersion = 10.0.40219.1
Project("{FAE04EC0-301F-11D3-BF4B-00C04F79EFBC}") = "ComplexNumbers", "ComplexNumbers\ComplexNumbers.csproj", "{6F5FB783-2B81-4A27-89F9-DEC48E84E49E}"
EndProject
Project("{FAE04EC0-301F-11D3-BF4B-00C04F79EFBC}") = "ReadWriteFile", "..\Lab2\ReadWriteFile\ReadWriteFile\ReadWriteFile.csproj", "{CFAE16B9-9914-4459-94D1-0516A929DC91}"
EndProject
Project("{FAE04EC0-301F-11D3-BF4B-00C04F79EFBC}") = "MinPrime", "..\Lab2\ReadWriteFile\MinPrime\MinPrime.csproj", "{8BAF91E3-DE2D-480A-A5C7-1918B85E96BF}"
EndProject
Global
	GlobalSection(SolutionConfigurationPlatforms) = preSolution
		Debug|Any CPU = Debug|Any CPU
		Release|Any CPU = Release|Any CPU
	EndGlobalSection
	GlobalSection(ProjectConfigurationPlatforms) = postSolution
		{6F5FB783-2B81-4A27-89F9-DEC48E84E49E}.Debug|Any CPU.ActiveCfg = Debug|Any CPU
		{6F5FB783-2B81-4A27-89F9-DEC48E84E49E}.Debug|Any CPU.Build.0 = Debug|Any CPU
		{6F5FB783-2B81-4A27-89F9-DEC48E84E49E}.Release|Any CPU.ActiveCfg = Release|Any CPU
		{6F5FB783-2B81-4A27-89F9-DEC48E84E49E}.Release|Any CPU.Build.0 = Release|Any CPU
		{CFAE16B9-9914-4459-94D1-0516A929DC91}.Debug|Any CPU.ActiveCfg = Debug|Any CPU
		{CFAE16B9-9914-4459-94D1-0516A929DC91}.Debug|Any CPU.Build.0 = Debug|Any CPU
		{CFAE16B9-9914-4459-94D1-0516A929DC91}.Release|Any CPU.ActiveCfg = Release|Any CPU
		{CFAE16B9-9914-4459-94D1-0516A929DC91}.Release|Any CPU.Build.0 = Release|Any CPU
		{8BAF91E3-DE2D-480A-A5C7-1918B85E96BF}.Debug|Any CPU.ActiveCfg = Debug|Any CPU
		{8BAF91E3-DE2D-480A-A5C7-1918B85E96BF}.Debug|Any CPU.Build.0 = Debug|Any CPU
		{8BAF91E3-DE2D-480A-A5C7-1918B85E96BF}.Release|Any CPU.ActiveCfg = Release|Any CPU
		{8BAF91E3-DE2D-480A-A5C7-1918B85E96BF}.Release|Any CPU.Build.0 = Release|Any CPU
	EndGlobalSection
	GlobalSection(SolutionProperties) = preSolution
		HideSolutionNode = FALSE
	EndGlobalSection
	GlobalSection(ExtensibilityGlobals) = postSolution
		SolutionGuid = {CCF7AF1D-7AF5-4ED0-A580-F39160E05677}
	EndGlobalSection
EndGlobal
